
Microsoft Visual Studio Solution File, Format Version 12.00
# Visual Studio Version 17
VisualStudioVersion = 17.0.32112.339
MinimumVisualStudioVersion = 10.0.40219.1
Project("{FAE04EC0-301F-11D3-BF4B-00C04F79EFBC}") = "SeleniumPjt", "SeleniumPjt\SeleniumPjt.csproj", "{941A6032-A5C8-4EE7-889C-69B66DF27E83}"
EndProject
Global
	GlobalSection(SolutionConfigurationPlatforms) = preSolution
		Debug|Any CPU = Debug|Any CPU
		Release|Any CPU = Release|Any CPU
	EndGlobalSection
	GlobalSection(ProjectConfigurationPlatforms) = postSolution
		{941A6032-A5C8-4EE7-889C-69B66DF27E83}.Debug|Any CPU.ActiveCfg = Debug|Any CPU
		{941A6032-A5C8-4EE7-889C-69B66DF27E83}.Debug|Any CPU.Build.0 = Debug|Any CPU
		{941A6032-A5C8-4EE7-889C-69B66DF27E83}.Release|Any CPU.ActiveCfg = Release|Any CPU
		{941A6032-A5C8-4EE7-889C-69B66DF27E83}.Release|Any CPU.Build.0 = Release|Any CPU
	EndGlobalSection
	GlobalSection(SolutionProperties) = preSolution
		HideSolutionNode = FALSE
	EndGlobalSection
	GlobalSection(ExtensibilityGlobals) = postSolution
		SolutionGuid = {D48FB0A2-ECD5-4235-894F-9F363576EBDE}
	EndGlobalSection
EndGlobal
